# This file is automatically @generated by Poetry 1.8.2 and should not be changed by hand.

[[package]]
name = "gdal"
version = "3.8.4"
description = "GDAL: Geospatial Data Abstraction Library"
optional = false
python-versions = ">=3.6.0"
files = [
    {file = "GDAL-3.8.4.tar.gz", hash = "sha256:7c51e0ae7a7ccf43ad9e4bf435176baa9276653dfa16fd167c3632f6e7275207"},
]

[package.extras]
numpy = ["numpy (>1.0.0)"]

[metadata]
lock-version = "2.0"
python-versions = "^3.11"
content-hash = "a7415933b034fcf904965a3649b970f47f384a9ee4b94e676f120c64c3008c94"
